
Microsoft Visual Studio Solution File, Format Version 12.00
# Visual Studio 2013
VisualStudioVersion = 12.0.20617.1 PREVIEW
MinimumVisualStudioVersion = 10.0.40219.1
Project("{8BC9CEB8-8B4A-11D0-8D11-00A0C91BC942}") = "WinLibTests", "WinLibTests\WinLibTests.vcxproj", "{C0BD3B55-913E-CC78-C57D-69246ABDF4EA}"
EndProject
Project("{8BC9CEB8-8B4A-11D0-8D11-00A0C91BC942}") = "Utils", "Utils\Utils.vcxproj", "{396C8BB6-4420-677C-FD95-4374F7618D71}"
EndProject
Project("{8BC9CEB8-8B4A-11D0-8D11-00A0C91BC942}") = "SimpleEditor", "SimpleEditor\SimpleEditor.vcxproj", "{801B1E30-659D-7CAD-33F8-06FF2A034EC0}"
	ProjectSection(ProjectDependencies) = postProject
		{34A82703-F92E-4FF4-A3A2-637C27E7D449} = {34A82703-F92E-4FF4-A3A2-637C27E7D449}
		{412C9BF5-D364-4D12-AB88-3BC6019C7C4D} = {412C9BF5-D364-4D12-AB88-3BC6019C7C4D}
	EndProjectSection
EndProject
Project("{8BC9CEB8-8B4A-11D0-8D11-00A0C91BC942}") = "UtilsTest", "UtilsTest\UtilsTest.vcxproj", "{3688CBCE-48A6-4006-9EB6-CF2BB937B74D}"
EndProject
Project("{8BC9CEB8-8B4A-11D0-8D11-00A0C91BC942}") = "Lib3D", "Lib3D\Lib3D.vcxproj", "{350CD284-CC0D-643F-DEA3-D49785E9F2B4}"
EndProject
Project("{8BC9CEB8-8B4A-11D0-8D11-00A0C91BC942}") = "Lib2D", "Lib2D\Lib2D.vcxproj", "{8EE622D1-2F45-4B52-A7F0-FA75FD8B083A}"
EndProject
Project("{F088123C-0E9E-452A-89E6-6BA2F21D5CAC}") = "Structure", "Structure\Structure.modelproj", "{258B74B9-C6F3-462E-BC27-D285D9611CC7}"
EndProject
Project("{8BC9CEB8-8B4A-11D0-8D11-00A0C91BC942}") = "LibCommon", "LibCommon\LibCommon.vcxproj", "{ABFBC7B2-F7AC-4AE2-9958-3390ED49AB87}"
EndProject
Project("{8BC9CEB8-8B4A-11D0-8D11-00A0C91BC942}") = "LibDirect2D", "LibDirect2D\LibDirect2D.vcxproj", "{412C9BF5-D364-4D12-AB88-3BC6019C7C4D}"
EndProject
Project("{8BC9CEB8-8B4A-11D0-8D11-00A0C91BC942}") = "LibDirect3D", "LibDirect3D\LibDirect3D.vcxproj", "{94FEE298-C376-411F-BB8B-01735AF5DA3F}"
	ProjectSection(ProjectDependencies) = postProject
		{34A82703-F92E-4FF4-A3A2-637C27E7D449} = {34A82703-F92E-4FF4-A3A2-637C27E7D449}
		{ABFBC7B2-F7AC-4AE2-9958-3390ED49AB87} = {ABFBC7B2-F7AC-4AE2-9958-3390ED49AB87}
	EndProjectSection
EndProject
Project("{8BC9CEB8-8B4A-11D0-8D11-00A0C91BC942}") = "LibDXGI", "LibDXGI\LibDXGI.vcxproj", "{34A82703-F92E-4FF4-A3A2-637C27E7D449}"
EndProject
Project("{8BC9CEB8-8B4A-11D0-8D11-00A0C91BC942}") = "WinLib", "WinLib\WinLib.vcxproj", "{E7A91E74-BA9C-854B-2BE7-BB4C0E897DEF}"
EndProject
Project("{8BC9CEB8-8B4A-11D0-8D11-00A0C91BC942}") = "windows", "windows\windows.vcxproj", "{A7473C40-2C9B-4793-8727-80FB52891CC3}"
EndProject
Project("{8BC9CEB8-8B4A-11D0-8D11-00A0C91BC942}") = "HLSLShaders", "HLSLShaders\HLSLShaders.vcxproj", "{849F1FD9-AD15-4E4D-8C20-4AFC779959D1}"
EndProject
Project("{8BC9CEB8-8B4A-11D0-8D11-00A0C91BC942}") = "LibCommonTests", "LibCommonTests\LibCommonTests.vcxproj", "{6691913D-92DE-4B8E-B81A-D90C7D75D0DE}"
EndProject
Project("{2150E333-8FDC-42A3-9474-1A3956D46DE8}") = "Solution Items", "Solution Items", "{77D67542-4DCE-4790-927E-ED17483F4C57}"
EndProject
Global
	GlobalSection(SolutionConfigurationPlatforms) = preSolution
		Debug|Any CPU = Debug|Any CPU
		Debug|Mixed Platforms = Debug|Mixed Platforms
		Debug|Win32 = Debug|Win32
		Debug|x64 = Debug|x64
		Release|Any CPU = Release|Any CPU
		Release|Mixed Platforms = Release|Mixed Platforms
		Release|Win32 = Release|Win32
		Release|x64 = Release|x64
	EndGlobalSection
	GlobalSection(ProjectConfigurationPlatforms) = postSolution
		{C0BD3B55-913E-CC78-C57D-69246ABDF4EA}.Debug|Any CPU.ActiveCfg = Debug|Win32
		{C0BD3B55-913E-CC78-C57D-69246ABDF4EA}.Debug|Mixed Platforms.ActiveCfg = Debug|Win32
		{C0BD3B55-913E-CC78-C57D-69246ABDF4EA}.Debug|Mixed Platforms.Build.0 = Debug|Win32
		{C0BD3B55-913E-CC78-C57D-69246ABDF4EA}.Debug|Win32.ActiveCfg = Debug|Win32
		{C0BD3B55-913E-CC78-C57D-69246ABDF4EA}.Debug|Win32.Build.0 = Debug|Win32
		{C0BD3B55-913E-CC78-C57D-69246ABDF4EA}.Debug|x64.ActiveCfg = Debug|x64
		{C0BD3B55-913E-CC78-C57D-69246ABDF4EA}.Debug|x64.Build.0 = Debug|x64
		{C0BD3B55-913E-CC78-C57D-69246ABDF4EA}.Release|Any CPU.ActiveCfg = Release|Win32
		{C0BD3B55-913E-CC78-C57D-69246ABDF4EA}.Release|Mixed Platforms.ActiveCfg = Release|Win32
		{C0BD3B55-913E-CC78-C57D-69246ABDF4EA}.Release|Mixed Platforms.Build.0 = Release|Win32
		{C0BD3B55-913E-CC78-C57D-69246ABDF4EA}.Release|Win32.ActiveCfg = Release|Win32
		{C0BD3B55-913E-CC78-C57D-69246ABDF4EA}.Release|Win32.Build.0 = Release|Win32
		{C0BD3B55-913E-CC78-C57D-69246ABDF4EA}.Release|x64.ActiveCfg = Release|x64
		{396C8BB6-4420-677C-FD95-4374F7618D71}.Debug|Any CPU.ActiveCfg = Debug|Win32
		{396C8BB6-4420-677C-FD95-4374F7618D71}.Debug|Mixed Platforms.ActiveCfg = Debug|Win32
		{396C8BB6-4420-677C-FD95-4374F7618D71}.Debug|Mixed Platforms.Build.0 = Debug|Win32
		{396C8BB6-4420-677C-FD95-4374F7618D71}.Debug|Win32.ActiveCfg = Debug|Win32
		{396C8BB6-4420-677C-FD95-4374F7618D71}.Debug|Win32.Build.0 = Debug|Win32
		{396C8BB6-4420-677C-FD95-4374F7618D71}.Debug|x64.ActiveCfg = Debug|x64
		{396C8BB6-4420-677C-FD95-4374F7618D71}.Debug|x64.Build.0 = Debug|x64
		{396C8BB6-4420-677C-FD95-4374F7618D71}.Release|Any CPU.ActiveCfg = Release|Win32
		{396C8BB6-4420-677C-FD95-4374F7618D71}.Release|Mixed Platforms.ActiveCfg = Release|Win32
		{396C8BB6-4420-677C-FD95-4374F7618D71}.Release|Mixed Platforms.Build.0 = Release|Win32
		{396C8BB6-4420-677C-FD95-4374F7618D71}.Release|Win32.ActiveCfg = Release|Win32
		{396C8BB6-4420-677C-FD95-4374F7618D71}.Release|Win32.Build.0 = Release|Win32
		{396C8BB6-4420-677C-FD95-4374F7618D71}.Release|x64.ActiveCfg = Release|x64
		{801B1E30-659D-7CAD-33F8-06FF2A034EC0}.Debug|Any CPU.ActiveCfg = Debug|Win32
		{801B1E30-659D-7CAD-33F8-06FF2A034EC0}.Debug|Mixed Platforms.ActiveCfg = Debug|Win32
		{801B1E30-659D-7CAD-33F8-06FF2A034EC0}.Debug|Mixed Platforms.Build.0 = Debug|Win32
		{801B1E30-659D-7CAD-33F8-06FF2A034EC0}.Debug|Win32.ActiveCfg = Debug|Win32
		{801B1E30-659D-7CAD-33F8-06FF2A034EC0}.Debug|Win32.Build.0 = Debug|Win32
		{801B1E30-659D-7CAD-33F8-06FF2A034EC0}.Debug|x64.ActiveCfg = Debug|x64
		{801B1E30-659D-7CAD-33F8-06FF2A034EC0}.Debug|x64.Build.0 = Debug|x64
		{801B1E30-659D-7CAD-33F8-06FF2A034EC0}.Release|Any CPU.ActiveCfg = Release|Win32
		{801B1E30-659D-7CAD-33F8-06FF2A034EC0}.Release|Mixed Platforms.ActiveCfg = Release|Win32
		{801B1E30-659D-7CAD-33F8-06FF2A034EC0}.Release|Mixed Platforms.Build.0 = Release|Win32
		{801B1E30-659D-7CAD-33F8-06FF2A034EC0}.Release|Win32.ActiveCfg = Release|Win32
		{801B1E30-659D-7CAD-33F8-06FF2A034EC0}.Release|Win32.Build.0 = Release|Win32
		{801B1E30-659D-7CAD-33F8-06FF2A034EC0}.Release|x64.ActiveCfg = Release|x64
		{3688CBCE-48A6-4006-9EB6-CF2BB937B74D}.Debug|Any CPU.ActiveCfg = Debug|Win32
		{3688CBCE-48A6-4006-9EB6-CF2BB937B74D}.Debug|Mixed Platforms.ActiveCfg = Debug|Win32
		{3688CBCE-48A6-4006-9EB6-CF2BB937B74D}.Debug|Mixed Platforms.Build.0 = Debug|Win32
		{3688CBCE-48A6-4006-9EB6-CF2BB937B74D}.Debug|Win32.ActiveCfg = Debug|Win32
		{3688CBCE-48A6-4006-9EB6-CF2BB937B74D}.Debug|Win32.Build.0 = Debug|Win32
		{3688CBCE-48A6-4006-9EB6-CF2BB937B74D}.Debug|x64.ActiveCfg = Debug|x64
		{3688CBCE-48A6-4006-9EB6-CF2BB937B74D}.Debug|x64.Build.0 = Debug|x64
		{3688CBCE-48A6-4006-9EB6-CF2BB937B74D}.Release|Any CPU.ActiveCfg = Release|Win32
		{3688CBCE-48A6-4006-9EB6-CF2BB937B74D}.Release|Mixed Platforms.ActiveCfg = Release|Win32
		{3688CBCE-48A6-4006-9EB6-CF2BB937B74D}.Release|Mixed Platforms.Build.0 = Release|Win32
		{3688CBCE-48A6-4006-9EB6-CF2BB937B74D}.Release|Win32.ActiveCfg = Release|Win32
		{3688CBCE-48A6-4006-9EB6-CF2BB937B74D}.Release|Win32.Build.0 = Release|Win32
		{3688CBCE-48A6-4006-9EB6-CF2BB937B74D}.Release|x64.ActiveCfg = Release|x64
		{350CD284-CC0D-643F-DEA3-D49785E9F2B4}.Debug|Any CPU.ActiveCfg = Debug|Win32
		{350CD284-CC0D-643F-DEA3-D49785E9F2B4}.Debug|Mixed Platforms.ActiveCfg = Debug|Win32
		{350CD284-CC0D-643F-DEA3-D49785E9F2B4}.Debug|Mixed Platforms.Build.0 = Debug|Win32
		{350CD284-CC0D-643F-DEA3-D49785E9F2B4}.Debug|Win32.ActiveCfg = Debug|Win32
		{350CD284-CC0D-643F-DEA3-D49785E9F2B4}.Debug|Win32.Build.0 = Debug|Win32
		{350CD284-CC0D-643F-DEA3-D49785E9F2B4}.Debug|x64.ActiveCfg = Debug|x64
		{350CD284-CC0D-643F-DEA3-D49785E9F2B4}.Debug|x64.Build.0 = Debug|x64
		{350CD284-CC0D-643F-DEA3-D49785E9F2B4}.Release|Any CPU.ActiveCfg = Release|Win32
		{350CD284-CC0D-643F-DEA3-D49785E9F2B4}.Release|Mixed Platforms.ActiveCfg = Release|Win32
		{350CD284-CC0D-643F-DEA3-D49785E9F2B4}.Release|Mixed Platforms.Build.0 = Release|Win32
		{350CD284-CC0D-643F-DEA3-D49785E9F2B4}.Release|Win32.ActiveCfg = Release|Win32
		{350CD284-CC0D-643F-DEA3-D49785E9F2B4}.Release|Win32.Build.0 = Release|Win32
		{350CD284-CC0D-643F-DEA3-D49785E9F2B4}.Release|x64.ActiveCfg = Release|Win32
		{8EE622D1-2F45-4B52-A7F0-FA75FD8B083A}.Debug|Any CPU.ActiveCfg = Debug|Win32
		{8EE622D1-2F45-4B52-A7F0-FA75FD8B083A}.Debug|Mixed Platforms.ActiveCfg = Debug|Win32
		{8EE622D1-2F45-4B52-A7F0-FA75FD8B083A}.Debug|Mixed Platforms.Build.0 = Debug|Win32
		{8EE622D1-2F45-4B52-A7F0-FA75FD8B083A}.Debug|Win32.ActiveCfg = Debug|Win32
		{8EE622D1-2F45-4B52-A7F0-FA75FD8B083A}.Debug|Win32.Build.0 = Debug|Win32
		{8EE622D1-2F45-4B52-A7F0-FA75FD8B083A}.Debug|x64.ActiveCfg = Debug|x64
		{8EE622D1-2F45-4B52-A7F0-FA75FD8B083A}.Debug|x64.Build.0 = Debug|x64
		{8EE622D1-2F45-4B52-A7F0-FA75FD8B083A}.Release|Any CPU.ActiveCfg = Release|Win32
		{8EE622D1-2F45-4B52-A7F0-FA75FD8B083A}.Release|Mixed Platforms.ActiveCfg = Release|Win32
		{8EE622D1-2F45-4B52-A7F0-FA75FD8B083A}.Release|Mixed Platforms.Build.0 = Release|Win32
		{8EE622D1-2F45-4B52-A7F0-FA75FD8B083A}.Release|Win32.ActiveCfg = Release|Win32
		{8EE622D1-2F45-4B52-A7F0-FA75FD8B083A}.Release|Win32.Build.0 = Release|Win32
		{8EE622D1-2F45-4B52-A7F0-FA75FD8B083A}.Release|x64.ActiveCfg = Release|Win32
		{258B74B9-C6F3-462E-BC27-D285D9611CC7}.Debug|Any CPU.ActiveCfg = Debug|Any CPU
		{258B74B9-C6F3-462E-BC27-D285D9611CC7}.Debug|Any CPU.Build.0 = Debug|Any CPU
		{258B74B9-C6F3-462E-BC27-D285D9611CC7}.Debug|Mixed Platforms.ActiveCfg = Debug|Any CPU
		{258B74B9-C6F3-462E-BC27-D285D9611CC7}.Debug|Mixed Platforms.Build.0 = Debug|Any CPU
		{258B74B9-C6F3-462E-BC27-D285D9611CC7}.Debug|Win32.ActiveCfg = Debug|Any CPU
		{258B74B9-C6F3-462E-BC27-D285D9611CC7}.Debug|x64.ActiveCfg = Debug|Any CPU
		{258B74B9-C6F3-462E-BC27-D285D9611CC7}.Debug|x64.Build.0 = Debug|Any CPU
		{258B74B9-C6F3-462E-BC27-D285D9611CC7}.Release|Any CPU.ActiveCfg = Release|Any CPU
		{258B74B9-C6F3-462E-BC27-D285D9611CC7}.Release|Any CPU.Build.0 = Release|Any CPU
		{258B74B9-C6F3-462E-BC27-D285D9611CC7}.Release|Mixed Platforms.ActiveCfg = Release|Any CPU
		{258B74B9-C6F3-462E-BC27-D285D9611CC7}.Release|Mixed Platforms.Build.0 = Release|Any CPU
		{258B74B9-C6F3-462E-BC27-D285D9611CC7}.Release|Win32.ActiveCfg = Release|Any CPU
		{258B74B9-C6F3-462E-BC27-D285D9611CC7}.Release|x64.ActiveCfg = Release|Any CPU
		{ABFBC7B2-F7AC-4AE2-9958-3390ED49AB87}.Debug|Any CPU.ActiveCfg = Debug|Win32
		{ABFBC7B2-F7AC-4AE2-9958-3390ED49AB87}.Debug|Mixed Platforms.ActiveCfg = Debug|Win32
		{ABFBC7B2-F7AC-4AE2-9958-3390ED49AB87}.Debug|Mixed Platforms.Build.0 = Debug|Win32
		{ABFBC7B2-F7AC-4AE2-9958-3390ED49AB87}.Debug|Win32.ActiveCfg = Debug|Win32
		{ABFBC7B2-F7AC-4AE2-9958-3390ED49AB87}.Debug|Win32.Build.0 = Debug|Win32
		{ABFBC7B2-F7AC-4AE2-9958-3390ED49AB87}.Debug|x64.ActiveCfg = Debug|x64
		{ABFBC7B2-F7AC-4AE2-9958-3390ED49AB87}.Debug|x64.Build.0 = Debug|x64
		{ABFBC7B2-F7AC-4AE2-9958-3390ED49AB87}.Release|Any CPU.ActiveCfg = Release|Win32
		{ABFBC7B2-F7AC-4AE2-9958-3390ED49AB87}.Release|Mixed Platforms.ActiveCfg = Release|Win32
		{ABFBC7B2-F7AC-4AE2-9958-3390ED49AB87}.Release|Mixed Platforms.Build.0 = Release|Win32
		{ABFBC7B2-F7AC-4AE2-9958-3390ED49AB87}.Release|Win32.ActiveCfg = Release|Win32
		{ABFBC7B2-F7AC-4AE2-9958-3390ED49AB87}.Release|Win32.Build.0 = Release|Win32
		{ABFBC7B2-F7AC-4AE2-9958-3390ED49AB87}.Release|x64.ActiveCfg = Release|x64
		{412C9BF5-D364-4D12-AB88-3BC6019C7C4D}.Debug|Any CPU.ActiveCfg = Debug|Win32
		{412C9BF5-D364-4D12-AB88-3BC6019C7C4D}.Debug|Mixed Platforms.ActiveCfg = Debug|Win32
		{412C9BF5-D364-4D12-AB88-3BC6019C7C4D}.Debug|Mixed Platforms.Build.0 = Debug|Win32
		{412C9BF5-D364-4D12-AB88-3BC6019C7C4D}.Debug|Win32.ActiveCfg = Debug|Win32
		{412C9BF5-D364-4D12-AB88-3BC6019C7C4D}.Debug|Win32.Build.0 = Debug|Win32
		{412C9BF5-D364-4D12-AB88-3BC6019C7C4D}.Debug|x64.ActiveCfg = Debug|x64
		{412C9BF5-D364-4D12-AB88-3BC6019C7C4D}.Release|Any CPU.ActiveCfg = Release|Win32
		{412C9BF5-D364-4D12-AB88-3BC6019C7C4D}.Release|Mixed Platforms.ActiveCfg = Release|Win32
		{412C9BF5-D364-4D12-AB88-3BC6019C7C4D}.Release|Mixed Platforms.Build.0 = Release|Win32
		{412C9BF5-D364-4D12-AB88-3BC6019C7C4D}.Release|Win32.ActiveCfg = Release|Win32
		{412C9BF5-D364-4D12-AB88-3BC6019C7C4D}.Release|Win32.Build.0 = Release|Win32
		{412C9BF5-D364-4D12-AB88-3BC6019C7C4D}.Release|x64.ActiveCfg = Release|x64
		{94FEE298-C376-411F-BB8B-01735AF5DA3F}.Debug|Any CPU.ActiveCfg = Debug|Win32
		{94FEE298-C376-411F-BB8B-01735AF5DA3F}.Debug|Mixed Platforms.ActiveCfg = Debug|Win32
		{94FEE298-C376-411F-BB8B-01735AF5DA3F}.Debug|Mixed Platforms.Build.0 = Debug|Win32
		{94FEE298-C376-411F-BB8B-01735AF5DA3F}.Debug|Win32.ActiveCfg = Debug|Win32
		{94FEE298-C376-411F-BB8B-01735AF5DA3F}.Debug|Win32.Build.0 = Debug|Win32
		{94FEE298-C376-411F-BB8B-01735AF5DA3F}.Debug|x64.ActiveCfg = Debug|x64
		{94FEE298-C376-411F-BB8B-01735AF5DA3F}.Release|Any CPU.ActiveCfg = Release|Win32
		{94FEE298-C376-411F-BB8B-01735AF5DA3F}.Release|Mixed Platforms.ActiveCfg = Release|Win32
		{94FEE298-C376-411F-BB8B-01735AF5DA3F}.Release|Mixed Platforms.Build.0 = Release|Win32
		{94FEE298-C376-411F-BB8B-01735AF5DA3F}.Release|Win32.ActiveCfg = Release|Win32
		{94FEE298-C376-411F-BB8B-01735AF5DA3F}.Release|Win32.Build.0 = Release|Win32
		{94FEE298-C376-411F-BB8B-01735AF5DA3F}.Release|x64.ActiveCfg = Release|x64
		{34A82703-F92E-4FF4-A3A2-637C27E7D449}.Debug|Any CPU.ActiveCfg = Debug|Win32
		{34A82703-F92E-4FF4-A3A2-637C27E7D449}.Debug|Mixed Platforms.ActiveCfg = Debug|Win32
		{34A82703-F92E-4FF4-A3A2-637C27E7D449}.Debug|Mixed Platforms.Build.0 = Debug|Win32
		{34A82703-F92E-4FF4-A3A2-637C27E7D449}.Debug|Win32.ActiveCfg = Debug|Win32
		{34A82703-F92E-4FF4-A3A2-637C27E7D449}.Debug|Win32.Build.0 = Debug|Win32
		{34A82703-F92E-4FF4-A3A2-637C27E7D449}.Debug|x64.ActiveCfg = Debug|x64
		{34A82703-F92E-4FF4-A3A2-637C27E7D449}.Release|Any CPU.ActiveCfg = Release|Win32
		{34A82703-F92E-4FF4-A3A2-637C27E7D449}.Release|Mixed Platforms.ActiveCfg = Release|Win32
		{34A82703-F92E-4FF4-A3A2-637C27E7D449}.Release|Mixed Platforms.Build.0 = Release|Win32
		{34A82703-F92E-4FF4-A3A2-637C27E7D449}.Release|Win32.ActiveCfg = Release|Win32
		{34A82703-F92E-4FF4-A3A2-637C27E7D449}.Release|Win32.Build.0 = Release|Win32
		{34A82703-F92E-4FF4-A3A2-637C27E7D449}.Release|x64.ActiveCfg = Release|x64
		{E7A91E74-BA9C-854B-2BE7-BB4C0E897DEF}.Debug|Any CPU.ActiveCfg = Debug|Win32
		{E7A91E74-BA9C-854B-2BE7-BB4C0E897DEF}.Debug|Mixed Platforms.ActiveCfg = Debug|Win32
		{E7A91E74-BA9C-854B-2BE7-BB4C0E897DEF}.Debug|Mixed Platforms.Build.0 = Debug|Win32
		{E7A91E74-BA9C-854B-2BE7-BB4C0E897DEF}.Debug|Win32.ActiveCfg = Debug|Win32
		{E7A91E74-BA9C-854B-2BE7-BB4C0E897DEF}.Debug|Win32.Build.0 = Debug|Win32
		{E7A91E74-BA9C-854B-2BE7-BB4C0E897DEF}.Debug|x64.ActiveCfg = Debug|x64
		{E7A91E74-BA9C-854B-2BE7-BB4C0E897DEF}.Debug|x64.Build.0 = Debug|x64
		{E7A91E74-BA9C-854B-2BE7-BB4C0E897DEF}.Release|Any CPU.ActiveCfg = Release|Win32
		{E7A91E74-BA9C-854B-2BE7-BB4C0E897DEF}.Release|Mixed Platforms.ActiveCfg = Release|Win32
		{E7A91E74-BA9C-854B-2BE7-BB4C0E897DEF}.Release|Mixed Platforms.Build.0 = Release|Win32
		{E7A91E74-BA9C-854B-2BE7-BB4C0E897DEF}.Release|Win32.ActiveCfg = Release|Win32
		{E7A91E74-BA9C-854B-2BE7-BB4C0E897DEF}.Release|Win32.Build.0 = Release|Win32
		{E7A91E74-BA9C-854B-2BE7-BB4C0E897DEF}.Release|x64.ActiveCfg = Release|x64
		{E7A91E74-BA9C-854B-2BE7-BB4C0E897DEF}.Release|x64.Build.0 = Release|x64
		{A7473C40-2C9B-4793-8727-80FB52891CC3}.Debug|Any CPU.ActiveCfg = Debug|Win32
		{A7473C40-2C9B-4793-8727-80FB52891CC3}.Debug|Mixed Platforms.ActiveCfg = Debug|Win32
		{A7473C40-2C9B-4793-8727-80FB52891CC3}.Debug|Mixed Platforms.Build.0 = Debug|Win32
		{A7473C40-2C9B-4793-8727-80FB52891CC3}.Debug|Win32.ActiveCfg = Debug|Win32
		{A7473C40-2C9B-4793-8727-80FB52891CC3}.Debug|Win32.Build.0 = Debug|Win32
		{A7473C40-2C9B-4793-8727-80FB52891CC3}.Debug|x64.ActiveCfg = Debug|x64
		{A7473C40-2C9B-4793-8727-80FB52891CC3}.Release|Any CPU.ActiveCfg = Release|Win32
		{A7473C40-2C9B-4793-8727-80FB52891CC3}.Release|Mixed Platforms.ActiveCfg = Release|Win32
		{A7473C40-2C9B-4793-8727-80FB52891CC3}.Release|Mixed Platforms.Build.0 = Release|Win32
		{A7473C40-2C9B-4793-8727-80FB52891CC3}.Release|Win32.ActiveCfg = Release|Win32
		{A7473C40-2C9B-4793-8727-80FB52891CC3}.Release|Win32.Build.0 = Release|Win32
		{A7473C40-2C9B-4793-8727-80FB52891CC3}.Release|x64.ActiveCfg = Release|x64
		{849F1FD9-AD15-4E4D-8C20-4AFC779959D1}.Debug|Any CPU.ActiveCfg = Debug|Win32
		{849F1FD9-AD15-4E4D-8C20-4AFC779959D1}.Debug|Mixed Platforms.ActiveCfg = Debug|Win32
		{849F1FD9-AD15-4E4D-8C20-4AFC779959D1}.Debug|Mixed Platforms.Build.0 = Debug|Win32
		{849F1FD9-AD15-4E4D-8C20-4AFC779959D1}.Debug|Win32.ActiveCfg = Debug|Win32
		{849F1FD9-AD15-4E4D-8C20-4AFC779959D1}.Debug|Win32.Build.0 = Debug|Win32
		{849F1FD9-AD15-4E4D-8C20-4AFC779959D1}.Debug|x64.ActiveCfg = Debug|x64
		{849F1FD9-AD15-4E4D-8C20-4AFC779959D1}.Release|Any CPU.ActiveCfg = Release|Win32
		{849F1FD9-AD15-4E4D-8C20-4AFC779959D1}.Release|Mixed Platforms.ActiveCfg = Release|Win32
		{849F1FD9-AD15-4E4D-8C20-4AFC779959D1}.Release|Mixed Platforms.Build.0 = Release|Win32
		{849F1FD9-AD15-4E4D-8C20-4AFC779959D1}.Release|Win32.ActiveCfg = Release|Win32
		{849F1FD9-AD15-4E4D-8C20-4AFC779959D1}.Release|Win32.Build.0 = Release|Win32
		{849F1FD9-AD15-4E4D-8C20-4AFC779959D1}.Release|x64.ActiveCfg = Release|x64
		{6691913D-92DE-4B8E-B81A-D90C7D75D0DE}.Debug|Any CPU.ActiveCfg = Debug|Win32
		{6691913D-92DE-4B8E-B81A-D90C7D75D0DE}.Debug|Mixed Platforms.ActiveCfg = Debug|Win32
		{6691913D-92DE-4B8E-B81A-D90C7D75D0DE}.Debug|Mixed Platforms.Build.0 = Debug|Win32
		{6691913D-92DE-4B8E-B81A-D90C7D75D0DE}.Debug|Win32.ActiveCfg = Debug|Win32
		{6691913D-92DE-4B8E-B81A-D90C7D75D0DE}.Debug|Win32.Build.0 = Debug|Win32
		{6691913D-92DE-4B8E-B81A-D90C7D75D0DE}.Debug|x64.ActiveCfg = Debug|x64
		{6691913D-92DE-4B8E-B81A-D90C7D75D0DE}.Release|Any CPU.ActiveCfg = Release|Win32
		{6691913D-92DE-4B8E-B81A-D90C7D75D0DE}.Release|Mixed Platforms.ActiveCfg = Release|Win32
		{6691913D-92DE-4B8E-B81A-D90C7D75D0DE}.Release|Mixed Platforms.Build.0 = Release|Win32
		{6691913D-92DE-4B8E-B81A-D90C7D75D0DE}.Release|Win32.ActiveCfg = Release|Win32
		{6691913D-92DE-4B8E-B81A-D90C7D75D0DE}.Release|Win32.Build.0 = Release|Win32
		{6691913D-92DE-4B8E-B81A-D90C7D75D0DE}.Release|x64.ActiveCfg = Release|Win32
	EndGlobalSection
	GlobalSection(SolutionProperties) = preSolution
		HideSolutionNode = FALSE
	EndGlobalSection
EndGlobal
