<?xml version="1.0" encoding="utf-8"?>
<Project ToolsVersion="4.0" xmlns="http://schemas.microsoft.com/developer/msbuild/2003">
  <ItemGroup>
    <ClCompile Include="Lib2DAnimationManager.cpp">
      <Filter>Source Files</Filter>
    </ClCompile>
    <ClCompile Include="Lib2DBitmap.cpp">
      <Filter>Source Files</Filter>
    </ClCompile>
    <ClCompile Include="Lib2DBitmapBrush.cpp">
      <Filter>Source Files</Filter>
    </ClCompile>
    <ClCompile Include="Lib2DDevice.cpp">
      <Filter>Source Files</Filter>
    </ClCompile>
    <ClCompile Include="Lib2DDeviceContext.cpp">
      <Filter>Source Files</Filter>
    </ClCompile>
    <ClCompile Include="Lib2DFactory.cpp">
      <Filter>Source Files</Filter>
    </ClCompile>
    <ClCompile Include="Lib2DLinearAnimation.cpp">
      <Filter>Source Files</Filter>
    </ClCompile>
    <ClCompile Include="Lib2DRect.cpp">
      <Filter>Source Files</Filter>
    </ClCompile>
    <ClCompile Include="Lib2DShape.cpp">
      <Filter>Source Files</Filter>
    </ClCompile>
    <ClCompile Include="Lib2DSolidBrush.cpp">
      <Filter>Source Files</Filter>
    </ClCompile>
    <ClCompile Include="stdafx.cpp">
      <Filter>Source Files</Filter>
    </ClCompile>
    <ClCompile Include="Lib2DCollider.cpp">
      <Filter>Source Files</Filter>
    </ClCompile>
    <ClCompile Include="Lib2DScene.cpp">
      <Filter>Source Files</Filter>
    </ClCompile>
    <ClCompile Include="Lib2DMovableObject.cpp">
      <Filter>Source Files</Filter>
    </ClCompile>
  </ItemGroup>
  <ItemGroup>
    <ClInclude Include="ILib2DAnimation.h">
      <Filter>Header Files</Filter>
    </ClInclude>
    <ClInclude Include="ILib2DBrush.h">
      <Filter>Header Files</Filter>
    </ClInclude>
    <ClInclude Include="ILib2DEasing.h">
      <Filter>Header Files</Filter>
    </ClInclude>
    <ClInclude Include="ILib2DShape.h">
      <Filter>Header Files</Filter>
    </ClInclude>
    <ClInclude Include="ILib2DTransformableObject.h">
      <Filter>Header Files</Filter>
    </ClInclude>
    <ClInclude Include="ILib2DTransformableShape.h">
      <Filter>Header Files</Filter>
    </ClInclude>
    <ClInclude Include="Lib2DAnimationManager.h">
      <Filter>Header Files</Filter>
    </ClInclude>
    <ClInclude Include="Lib2DBitmap.h">
      <Filter>Header Files</Filter>
    </ClInclude>
    <ClInclude Include="Lib2DBitmapBrush.h">
      <Filter>Header Files</Filter>
    </ClInclude>
    <ClInclude Include="Lib2DDevice.h">
      <Filter>Header Files</Filter>
    </ClInclude>
    <ClInclude Include="Lib2DDeviceContext.h">
      <Filter>Header Files</Filter>
    </ClInclude>
    <ClInclude Include="Lib2DFactory.h">
      <Filter>Header Files</Filter>
    </ClInclude>
    <ClInclude Include="Lib2DHitInfo.h">
      <Filter>Header Files</Filter>
    </ClInclude>
    <ClInclude Include="Lib2DLinearAnimation.h">
      <Filter>Header Files</Filter>
    </ClInclude>
    <ClInclude Include="Lib2DRect.h">
      <Filter>Header Files</Filter>
    </ClInclude>
    <ClInclude Include="Lib2DShape.h">
      <Filter>Header Files</Filter>
    </ClInclude>
    <ClInclude Include="Lib2DSolidBrush.h">
      <Filter>Header Files</Filter>
    </ClInclude>
    <ClInclude Include="stdafx.h">
      <Filter>Header Files</Filter>
    </ClInclude>
    <ClInclude Include="targetver.h">
      <Filter>Header Files</Filter>
    </ClInclude>
    <ClInclude Include="Lib2DCollider.h">
      <Filter>Header Files</Filter>
    </ClInclude>
    <ClInclude Include="ILib2DScene.h">
      <Filter>Header Files</Filter>
    </ClInclude>
    <ClInclude Include="Lib2DScene.h">
      <Filter>Header Files</Filter>
    </ClInclude>
    <ClInclude Include="ILib2DPhysicalObject.h">
      <Filter>Header Files</Filter>
    </ClInclude>
    <ClInclude Include="Lib2DMovableObject.h">
      <Filter>Header Files</Filter>
    </ClInclude>
  </ItemGroup>
  <ItemGroup>
    <None Include="ClassDiagram.cd" />
  </ItemGroup>
  <ItemGroup>
    <Text Include="ReadMe.txt" />
  </ItemGroup>
  <ItemGroup>
    <Filter Include="Header Files">
      <UniqueIdentifier>{2269e798-7733-4166-9a9a-9b91087b12dd}</UniqueIdentifier>
    </Filter>
    <Filter Include="Source Files">
      <UniqueIdentifier>{45c9614e-ac83-434c-a138-f4bd7f501662}</UniqueIdentifier>
    </Filter>
  </ItemGroup>
</Project>