<?xml version="1.0" encoding="utf-8"?>
<Project ToolsVersion="4.0" xmlns="http://schemas.microsoft.com/developer/msbuild/2003">
  <ItemGroup>
    <Filter Include="Source Files">
      <UniqueIdentifier>{4FC737F1-C7A5-4376-A066-2A32D752A2FF}</UniqueIdentifier>
      <Extensions>cpp;c;cc;cxx;def;odl;idl;hpj;bat;asm;asmx</Extensions>
    </Filter>
    <Filter Include="Header Files">
      <UniqueIdentifier>{93995380-89BD-4b04-88EB-625FBE52EBFB}</UniqueIdentifier>
      <Extensions>h;hpp;hxx;hm;inl;inc;xsd</Extensions>
    </Filter>
    <Filter Include="Resource Files">
      <UniqueIdentifier>{67DA6AB6-F800-4c08-8B7A-83BB121AAD01}</UniqueIdentifier>
      <Extensions>rc;ico;cur;bmp;dlg;rc2;rct;bin;rgs;gif;jpg;jpeg;jpe;resx;tiff;tif;png;wav;mfcribbon-ms</Extensions>
    </Filter>
    <Filter Include="Source Files\Shaders">
      <UniqueIdentifier>{ffb50def-c29b-46cf-b754-707eff2b307b}</UniqueIdentifier>
      <Extensions>
      </Extensions>
    </Filter>
    <Filter Include="Header Files\L3DShaders">
      <UniqueIdentifier>{6d8320b2-ca5f-40e6-8524-38812f8a89fe}</UniqueIdentifier>
    </Filter>
    <Filter Include="Source Files\L3DShaders">
      <UniqueIdentifier>{7496d732-e8e5-4605-a8a0-c15cc627fd9e}</UniqueIdentifier>
    </Filter>
  </ItemGroup>
  <ItemGroup>
    <Text Include="ReadMe.txt" />
  </ItemGroup>
  <ItemGroup>
    <ClInclude Include="stdafx.h">
      <Filter>Header Files</Filter>
    </ClInclude>
    <ClInclude Include="targetver.h">
      <Filter>Header Files</Filter>
    </ClInclude>
    <ClInclude Include="Device.h">
      <Filter>Header Files</Filter>
    </ClInclude>
    <ClInclude Include="MacroUtils.h">
      <Filter>Header Files</Filter>
    </ClInclude>
    <ClInclude Include="ILib3DShader.h">
      <Filter>Header Files\L3DShaders</Filter>
    </ClInclude>
    <ClInclude Include="Lib3DVertexShader.h">
      <Filter>Header Files\L3DShaders</Filter>
    </ClInclude>
    <ClInclude Include="Lib3DPixelShader.h">
      <Filter>Header Files\L3DShaders</Filter>
    </ClInclude>
    <ClInclude Include="Lib3DShaderCollection.h">
      <Filter>Header Files</Filter>
    </ClInclude>
  </ItemGroup>
  <ItemGroup>
    <ClCompile Include="stdafx.cpp">
      <Filter>Source Files</Filter>
    </ClCompile>
    <ClCompile Include="dllmain.cpp">
      <Filter>Source Files</Filter>
    </ClCompile>
    <ClCompile Include="Device.cpp">
      <Filter>Source Files</Filter>
    </ClCompile>
    <ClCompile Include="Lib3D.cpp">
      <Filter>Source Files</Filter>
    </ClCompile>
    <ClCompile Include="ILib3DShader.cpp">
      <Filter>Source Files\L3DShaders</Filter>
    </ClCompile>
    <ClCompile Include="Lib3DPixelShader.cpp">
      <Filter>Source Files\L3DShaders</Filter>
    </ClCompile>
    <ClCompile Include="Lib3DVertexShader.cpp">
      <Filter>Source Files\L3DShaders</Filter>
    </ClCompile>
    <ClCompile Include="Lib3DShaderCollection.cpp">
      <Filter>Source Files</Filter>
    </ClCompile>
  </ItemGroup>
  <ItemGroup>
    <FxCompile Include="Shaders\vColor.hlsl">
      <Filter>Source Files\Shaders</Filter>
    </FxCompile>
    <FxCompile Include="Shaders\pColor.hlsl">
      <Filter>Source Files\Shaders</Filter>
    </FxCompile>
  </ItemGroup>
  <ItemGroup>
    <None Include="ClassDiagram.cd" />
  </ItemGroup>
</Project>