<?xml version="1.0" encoding="utf-8"?>
<Project ToolsVersion="4.0" xmlns="http://schemas.microsoft.com/developer/msbuild/2003">
  <ItemGroup>
    <Filter Include="Source Files">
      <UniqueIdentifier>{4FC737F1-C7A5-4376-A066-2A32D752A2FF}</UniqueIdentifier>
      <Extensions>cpp;c;cc;cxx;def;odl;idl;hpj;bat;asm;asmx</Extensions>
    </Filter>
    <Filter Include="Header Files">
      <UniqueIdentifier>{93995380-89BD-4b04-88EB-625FBE52EBFB}</UniqueIdentifier>
      <Extensions>h;hpp;hxx;hm;inl;inc;xsd</Extensions>
    </Filter>
    <Filter Include="Resource Files">
      <UniqueIdentifier>{67DA6AB6-F800-4c08-8B7A-83BB121AAD01}</UniqueIdentifier>
      <Extensions>rc;ico;cur;bmp;dlg;rc2;rct;bin;rgs;gif;jpg;jpeg;jpe;resx;tiff;tif;png;wav;mfcribbon-ms</Extensions>
    </Filter>
    <Filter Include="Header Files\Components">
      <UniqueIdentifier>{947f480e-c657-4afe-ad93-01394241b5e0}</UniqueIdentifier>
    </Filter>
    <Filter Include="Header Files\Shapes">
      <UniqueIdentifier>{62acc51a-5303-4301-8970-c6f72752f83b}</UniqueIdentifier>
    </Filter>
    <Filter Include="Header Files\Messages">
      <UniqueIdentifier>{719c9370-5d40-4e53-a4ed-6bdc1f9e3593}</UniqueIdentifier>
    </Filter>
    <Filter Include="Header Files\Messages\Rendering">
      <UniqueIdentifier>{627d4ba5-a732-4eae-8b8b-2c462502eb42}</UniqueIdentifier>
    </Filter>
    <Filter Include="Header Files\Rendering">
      <UniqueIdentifier>{90559100-5e07-44ab-be88-1979c63d846c}</UniqueIdentifier>
    </Filter>
    <Filter Include="Source Files\Rendering">
      <UniqueIdentifier>{180cc574-45fb-47ab-8d2d-14f13886a2ae}</UniqueIdentifier>
    </Filter>
    <Filter Include="Source Files\Messages">
      <UniqueIdentifier>{12dc54cb-c9f9-439f-a992-1bbf7a30794e}</UniqueIdentifier>
    </Filter>
    <Filter Include="Source Files\Messages\Rendering">
      <UniqueIdentifier>{e136714a-c59e-40a9-abd1-3cf59c04825d}</UniqueIdentifier>
    </Filter>
    <Filter Include="Header Files\Events">
      <UniqueIdentifier>{ec7b5c93-a553-43dc-b8bf-34f4472f2f69}</UniqueIdentifier>
    </Filter>
    <Filter Include="Header Files\Messages\Informational">
      <UniqueIdentifier>{169835c2-c8ed-49c3-a9bb-cb59def43908}</UniqueIdentifier>
    </Filter>
    <Filter Include="Header Files\Math">
      <UniqueIdentifier>{9ccc13d2-0a61-43f2-919d-bdab888182d6}</UniqueIdentifier>
    </Filter>
    <Filter Include="Source Files\Components">
      <UniqueIdentifier>{c709ce0d-3c75-4a0d-9442-20ca5688f27c}</UniqueIdentifier>
    </Filter>
  </ItemGroup>
  <ItemGroup>
    <Text Include="ReadMe.txt" />
  </ItemGroup>
  <ItemGroup>
    <ClInclude Include="stdafx.h">
      <Filter>Header Files</Filter>
    </ClInclude>
    <ClInclude Include="IComponent.h">
      <Filter>Header Files\Components</Filter>
    </ClInclude>
    <ClInclude Include="Entity.h">
      <Filter>Header Files\Shapes</Filter>
    </ClInclude>
    <ClInclude Include="Messages.h">
      <Filter>Header Files\Messages</Filter>
    </ClInclude>
    <ClInclude Include="IMessage.h">
      <Filter>Header Files\Messages</Filter>
    </ClInclude>
    <ClInclude Include="IRenderer.h">
      <Filter>Header Files\Rendering</Filter>
    </ClInclude>
    <ClInclude Include="Scene.h">
      <Filter>Header Files\Rendering</Filter>
    </ClInclude>
    <ClInclude Include="RenderingMessage.h">
      <Filter>Header Files\Messages\Rendering</Filter>
    </ClInclude>
    <ClInclude Include="Event.hpp">
      <Filter>Header Files\Events</Filter>
    </ClInclude>
    <ClInclude Include="Vector.h">
      <Filter>Header Files\Math</Filter>
    </ClInclude>
    <ClInclude Include="Matrix.h">
      <Filter>Header Files\Math</Filter>
    </ClInclude>
    <ClInclude Include="Transform2D.h">
      <Filter>Header Files\Components</Filter>
    </ClInclude>
    <ClInclude Include="Get.hpp">
      <Filter>Header Files\Messages\Informational</Filter>
    </ClInclude>
  </ItemGroup>
  <ItemGroup>
    <ClCompile Include="stdafx.cpp">
      <Filter>Source Files</Filter>
    </ClCompile>
    <ClCompile Include="Entity.cpp">
      <Filter>Source Files</Filter>
    </ClCompile>
    <ClCompile Include="Scene.cpp">
      <Filter>Source Files\Rendering</Filter>
    </ClCompile>
    <ClCompile Include="Transform2D.cpp">
      <Filter>Source Files\Components</Filter>
    </ClCompile>
  </ItemGroup>
</Project>